
Microsoft Visual Studio Solution File, Format Version 12.00
# Visual Studio Version 17
VisualStudioVersion = 17.4.33205.214
MinimumVisualStudioVersion = 10.0.40219.1
Project("{9A19103F-16F7-4668-BE54-9A1E7A4F7556}") = "wasm-csharp-browser", "wasm-csharp-browser\wasm-csharp-browser.csproj", "{1FD91199-37CC-43CA-8E70-8F5665FFBCF8}"
EndProject
Project("{9A19103F-16F7-4668-BE54-9A1E7A4F7556}") = "BLL", "BLL\BLL.csproj", "{22D1D124-7BF4-4750-B1E9-20FCC88B9F4F}"
EndProject
Project("{FAE04EC0-301F-11D3-BF4B-00C04F79EFBC}") = "Backend", "Backend\Backend.csproj", "{C7F2C938-9A85-415A-8091-E18F1423E774}"
EndProject
Global
	GlobalSection(SolutionConfigurationPlatforms) = preSolution
		Debug|Any CPU = Debug|Any CPU
		Release|Any CPU = Release|Any CPU
	EndGlobalSection
	GlobalSection(ProjectConfigurationPlatforms) = postSolution
		{1FD91199-37CC-43CA-8E70-8F5665FFBCF8}.Debug|Any CPU.ActiveCfg = Debug|Any CPU
		{1FD91199-37CC-43CA-8E70-8F5665FFBCF8}.Debug|Any CPU.Build.0 = Debug|Any CPU
		{1FD91199-37CC-43CA-8E70-8F5665FFBCF8}.Release|Any CPU.ActiveCfg = Release|Any CPU
		{1FD91199-37CC-43CA-8E70-8F5665FFBCF8}.Release|Any CPU.Build.0 = Release|Any CPU
		{22D1D124-7BF4-4750-B1E9-20FCC88B9F4F}.Debug|Any CPU.ActiveCfg = Debug|Any CPU
		{22D1D124-7BF4-4750-B1E9-20FCC88B9F4F}.Debug|Any CPU.Build.0 = Debug|Any CPU
		{22D1D124-7BF4-4750-B1E9-20FCC88B9F4F}.Release|Any CPU.ActiveCfg = Release|Any CPU
		{22D1D124-7BF4-4750-B1E9-20FCC88B9F4F}.Release|Any CPU.Build.0 = Release|Any CPU
		{C7F2C938-9A85-415A-8091-E18F1423E774}.Debug|Any CPU.ActiveCfg = Debug|Any CPU
		{C7F2C938-9A85-415A-8091-E18F1423E774}.Debug|Any CPU.Build.0 = Debug|Any CPU
		{C7F2C938-9A85-415A-8091-E18F1423E774}.Release|Any CPU.ActiveCfg = Release|Any CPU
		{C7F2C938-9A85-415A-8091-E18F1423E774}.Release|Any CPU.Build.0 = Release|Any CPU
	EndGlobalSection
	GlobalSection(SolutionProperties) = preSolution
		HideSolutionNode = FALSE
	EndGlobalSection
	GlobalSection(ExtensibilityGlobals) = postSolution
		SolutionGuid = {798116A4-9D20-4C47-8885-90F9DF0607F2}
	EndGlobalSection
EndGlobal
